
Microsoft Visual Studio Solution File, Format Version 12.00
# Visual Studio Version 17
VisualStudioVersion = 17.10.34916.146
MinimumVisualStudioVersion = 10.0.40219.1
Project("{2150E333-8FDC-42A3-9474-1A3956D46DE8}") = "Docs", "Docs", "{ADE92AD2-CA82-457B-AA7A-4F72BE3442F6}"
EndProject
Project("{2150E333-8FDC-42A3-9474-1A3956D46DE8}") = "Solution Items", "Solution Items", "{8AEA806E-59CC-4B44-A062-97C55C194F37}"
EndProject
Project("{2150E333-8FDC-42A3-9474-1A3956D46DE8}") = "Src", "Src", "{248A06A7-F023-44A7-A59D-F19AE05A31D3}"
EndProject
Project("{2150E333-8FDC-42A3-9474-1A3956D46DE8}") = "Tests", "Tests", "{14F1A28A-6DD4-42F3-85EE-013837E58FE2}"
EndProject
Project("{2150E333-8FDC-42A3-9474-1A3956D46DE8}") = "Core", "Core", "{C1C98748-0DBA-45DE-B2E1-0E32FF2D89A2}"
EndProject
Project("{2150E333-8FDC-42A3-9474-1A3956D46DE8}") = "Infrastructure", "Infrastructure", "{A0775744-A10E-47F3-9C98-9D10FB94779D}"
EndProject
Project("{2150E333-8FDC-42A3-9474-1A3956D46DE8}") = "Presentation", "Presentation", "{FBACF984-B360-4452-A0AA-3FD4E1232FDD}"
EndProject
Project("{9A19103F-16F7-4668-BE54-9A1E7A4F7556}") = "Domain", "Domain\Domain.csproj", "{2DB6EC56-0145-46B7-A751-5A50D0D5C888}"
EndProject
Project("{9A19103F-16F7-4668-BE54-9A1E7A4F7556}") = "Application", "Application\Application.csproj", "{EA396A63-6DDF-4064-BF10-C427498B0BDD}"
EndProject
Project("{9A19103F-16F7-4668-BE54-9A1E7A4F7556}") = "Infrastructure", "Infrastructure\Infrastructure.csproj", "{9E6E42D3-BBC7-4B17-A63F-EBB3665378B7}"
EndProject
Project("{9A19103F-16F7-4668-BE54-9A1E7A4F7556}") = "Persistence", "Persistence\Persistence.csproj", "{25DAF299-E31E-4A1D-B364-FAEDEDDA39E4}"
EndProject
Project("{9A19103F-16F7-4668-BE54-9A1E7A4F7556}") = "Website.Endpoint", "Website.Endpoint\Website.Endpoint.csproj", "{3D993498-A93A-4B1D-9D7B-5EFD800537C7}"
EndProject
Project("{9A19103F-16F7-4668-BE54-9A1E7A4F7556}") = "Web.Endpoint", "Endpoint\Web.Endpoint.csproj", "{734F9778-D520-4855-A169-CA6BAE05015B}"
EndProject
Project("{9A19103F-16F7-4668-BE54-9A1E7A4F7556}") = "Admin.Endpoint", "Admin.Endpoint\Admin.Endpoint.csproj", "{A076C7AD-2221-4DD8-B89E-F448E2BFE0AE}"
EndProject
Project("{2150E333-8FDC-42A3-9474-1A3956D46DE8}") = "Commons", "Commons", "{42FDB883-0C0B-4555-9E63-786CFFCDC651}"
EndProject
Project("{FAE04EC0-301F-11D3-BF4B-00C04F79EFBC}") = "Common", "Common\Common.csproj", "{36577055-4451-4FA0-BFFF-2A513D724032}"
EndProject
Global
	GlobalSection(SolutionConfigurationPlatforms) = preSolution
		Debug|Any CPU = Debug|Any CPU
		Release|Any CPU = Release|Any CPU
	EndGlobalSection
	GlobalSection(ProjectConfigurationPlatforms) = postSolution
		{2DB6EC56-0145-46B7-A751-5A50D0D5C888}.Debug|Any CPU.ActiveCfg = Debug|Any CPU
		{2DB6EC56-0145-46B7-A751-5A50D0D5C888}.Debug|Any CPU.Build.0 = Debug|Any CPU
		{2DB6EC56-0145-46B7-A751-5A50D0D5C888}.Release|Any CPU.ActiveCfg = Release|Any CPU
		{2DB6EC56-0145-46B7-A751-5A50D0D5C888}.Release|Any CPU.Build.0 = Release|Any CPU
		{EA396A63-6DDF-4064-BF10-C427498B0BDD}.Debug|Any CPU.ActiveCfg = Debug|Any CPU
		{EA396A63-6DDF-4064-BF10-C427498B0BDD}.Debug|Any CPU.Build.0 = Debug|Any CPU
		{EA396A63-6DDF-4064-BF10-C427498B0BDD}.Release|Any CPU.ActiveCfg = Release|Any CPU
		{EA396A63-6DDF-4064-BF10-C427498B0BDD}.Release|Any CPU.Build.0 = Release|Any CPU
		{9E6E42D3-BBC7-4B17-A63F-EBB3665378B7}.Debug|Any CPU.ActiveCfg = Debug|Any CPU
		{9E6E42D3-BBC7-4B17-A63F-EBB3665378B7}.Debug|Any CPU.Build.0 = Debug|Any CPU
		{9E6E42D3-BBC7-4B17-A63F-EBB3665378B7}.Release|Any CPU.ActiveCfg = Release|Any CPU
		{9E6E42D3-BBC7-4B17-A63F-EBB3665378B7}.Release|Any CPU.Build.0 = Release|Any CPU
		{25DAF299-E31E-4A1D-B364-FAEDEDDA39E4}.Debug|Any CPU.ActiveCfg = Debug|Any CPU
		{25DAF299-E31E-4A1D-B364-FAEDEDDA39E4}.Debug|Any CPU.Build.0 = Debug|Any CPU
		{25DAF299-E31E-4A1D-B364-FAEDEDDA39E4}.Release|Any CPU.ActiveCfg = Release|Any CPU
		{25DAF299-E31E-4A1D-B364-FAEDEDDA39E4}.Release|Any CPU.Build.0 = Release|Any CPU
		{3D993498-A93A-4B1D-9D7B-5EFD800537C7}.Debug|Any CPU.ActiveCfg = Debug|Any CPU
		{3D993498-A93A-4B1D-9D7B-5EFD800537C7}.Debug|Any CPU.Build.0 = Debug|Any CPU
		{3D993498-A93A-4B1D-9D7B-5EFD800537C7}.Release|Any CPU.ActiveCfg = Release|Any CPU
		{3D993498-A93A-4B1D-9D7B-5EFD800537C7}.Release|Any CPU.Build.0 = Release|Any CPU
		{734F9778-D520-4855-A169-CA6BAE05015B}.Debug|Any CPU.ActiveCfg = Debug|Any CPU
		{734F9778-D520-4855-A169-CA6BAE05015B}.Debug|Any CPU.Build.0 = Debug|Any CPU
		{734F9778-D520-4855-A169-CA6BAE05015B}.Release|Any CPU.ActiveCfg = Release|Any CPU
		{734F9778-D520-4855-A169-CA6BAE05015B}.Release|Any CPU.Build.0 = Release|Any CPU
		{A076C7AD-2221-4DD8-B89E-F448E2BFE0AE}.Debug|Any CPU.ActiveCfg = Debug|Any CPU
		{A076C7AD-2221-4DD8-B89E-F448E2BFE0AE}.Debug|Any CPU.Build.0 = Debug|Any CPU
		{A076C7AD-2221-4DD8-B89E-F448E2BFE0AE}.Release|Any CPU.ActiveCfg = Release|Any CPU
		{A076C7AD-2221-4DD8-B89E-F448E2BFE0AE}.Release|Any CPU.Build.0 = Release|Any CPU
		{36577055-4451-4FA0-BFFF-2A513D724032}.Debug|Any CPU.ActiveCfg = Debug|Any CPU
		{36577055-4451-4FA0-BFFF-2A513D724032}.Debug|Any CPU.Build.0 = Debug|Any CPU
		{36577055-4451-4FA0-BFFF-2A513D724032}.Release|Any CPU.ActiveCfg = Release|Any CPU
		{36577055-4451-4FA0-BFFF-2A513D724032}.Release|Any CPU.Build.0 = Release|Any CPU
	EndGlobalSection
	GlobalSection(SolutionProperties) = preSolution
		HideSolutionNode = FALSE
	EndGlobalSection
	GlobalSection(NestedProjects) = preSolution
		{C1C98748-0DBA-45DE-B2E1-0E32FF2D89A2} = {248A06A7-F023-44A7-A59D-F19AE05A31D3}
		{A0775744-A10E-47F3-9C98-9D10FB94779D} = {248A06A7-F023-44A7-A59D-F19AE05A31D3}
		{FBACF984-B360-4452-A0AA-3FD4E1232FDD} = {248A06A7-F023-44A7-A59D-F19AE05A31D3}
		{2DB6EC56-0145-46B7-A751-5A50D0D5C888} = {C1C98748-0DBA-45DE-B2E1-0E32FF2D89A2}
		{EA396A63-6DDF-4064-BF10-C427498B0BDD} = {C1C98748-0DBA-45DE-B2E1-0E32FF2D89A2}
		{9E6E42D3-BBC7-4B17-A63F-EBB3665378B7} = {A0775744-A10E-47F3-9C98-9D10FB94779D}
		{25DAF299-E31E-4A1D-B364-FAEDEDDA39E4} = {A0775744-A10E-47F3-9C98-9D10FB94779D}
		{3D993498-A93A-4B1D-9D7B-5EFD800537C7} = {FBACF984-B360-4452-A0AA-3FD4E1232FDD}
		{734F9778-D520-4855-A169-CA6BAE05015B} = {FBACF984-B360-4452-A0AA-3FD4E1232FDD}
		{A076C7AD-2221-4DD8-B89E-F448E2BFE0AE} = {FBACF984-B360-4452-A0AA-3FD4E1232FDD}
		{42FDB883-0C0B-4555-9E63-786CFFCDC651} = {248A06A7-F023-44A7-A59D-F19AE05A31D3}
		{36577055-4451-4FA0-BFFF-2A513D724032} = {42FDB883-0C0B-4555-9E63-786CFFCDC651}
	EndGlobalSection
	GlobalSection(ExtensibilityGlobals) = postSolution
		SolutionGuid = {90DFEF15-6388-4A12-86DA-D16675724674}
	EndGlobalSection
EndGlobal
